
Microsoft Visual Studio Solution File, Format Version 12.00
# Visual Studio Version 16
VisualStudioVersion = 16.0.29215.179
MinimumVisualStudioVersion = 10.0.40219.1
Project("{FAE04EC0-301F-11D3-BF4B-00C04F79EFBC}") = "PizzaProblem", "PizzaProblem\PizzaProblem.csproj", "{36CA8954-3F1D-4369-B22E-9A49B4EF8368}"
EndProject
Global
	GlobalSection(SolutionConfigurationPlatforms) = preSolution
		Debug|Any CPU = Debug|Any CPU
		Release|Any CPU = Release|Any CPU
	EndGlobalSection
	GlobalSection(ProjectConfigurationPlatforms) = postSolution
		{36CA8954-3F1D-4369-B22E-9A49B4EF8368}.Debug|Any CPU.ActiveCfg = Debug|Any CPU
		{36CA8954-3F1D-4369-B22E-9A49B4EF8368}.Debug|Any CPU.Build.0 = Debug|Any CPU
		{36CA8954-3F1D-4369-B22E-9A49B4EF8368}.Release|Any CPU.ActiveCfg = Release|Any CPU
		{36CA8954-3F1D-4369-B22E-9A49B4EF8368}.Release|Any CPU.Build.0 = Release|Any CPU
	EndGlobalSection
	GlobalSection(SolutionProperties) = preSolution
		HideSolutionNode = FALSE
	EndGlobalSection
	GlobalSection(ExtensibilityGlobals) = postSolution
		SolutionGuid = {0FC6B90C-77FB-49DC-B367-588AB605F591}
	EndGlobalSection
EndGlobal
